<?xml version="1.0" encoding="utf-8"?>
<Project ToolsVersion="4.0" xmlns="http://schemas.microsoft.com/developer/msbuild/2003">
  <ItemGroup>
    <Filter Include="Fichiers sources">
      <UniqueIdentifier>{4FC737F1-C7A5-4376-A066-2A32D752A2FF}</UniqueIdentifier>
      <Extensions>cpp;c;cc;cxx;def;odl;idl;hpj;bat;asm;asmx</Extensions>
    </Filter>
    <Filter Include="Fichiers d%27en-tête">
      <UniqueIdentifier>{93995380-89BD-4b04-88EB-625FBE52EBFB}</UniqueIdentifier>
      <Extensions>h;hh;hpp;hxx;hm;inl;inc;ipp;xsd</Extensions>
    </Filter>
    <Filter Include="Fichiers de ressources">
      <UniqueIdentifier>{67DA6AB6-F800-4c08-8B7A-83BB121AAD01}</UniqueIdentifier>
      <Extensions>rc;ico;cur;bmp;dlg;rc2;rct;bin;rgs;gif;jpg;jpeg;jpe;resx;tiff;tif;png;wav;mfcribbon-ms</Extensions>
    </Filter>
    <Filter Include="Fichiers d%27en-tête\Console">
      <UniqueIdentifier>{7448fe9c-5dcd-4ac7-a194-b056369d50a6}</UniqueIdentifier>
    </Filter>
    <Filter Include="Fichiers sources\Console">
      <UniqueIdentifier>{3b4aa1cd-b92a-4189-b6ba-bd0cf92241db}</UniqueIdentifier>
    </Filter>
    <Filter Include="Fichiers sources\Outils">
      <UniqueIdentifier>{8e8863d5-24e7-4ef3-8545-07616c6c4629}</UniqueIdentifier>
    </Filter>
  </ItemGroup>
  <ItemGroup>
    <ClCompile Include="main.cpp">
      <Filter>Fichiers sources</Filter>
    </ClCompile>
    <ClCompile Include="Generation.cpp">
      <Filter>Fichiers sources</Filter>
    </ClCompile>
    <ClCompile Include="Cercle.cpp">
      <Filter>Fichiers sources</Filter>
    </ClCompile>
    <ClCompile Include="Civilisations.cpp">
      <Filter>Fichiers sources</Filter>
    </ClCompile>
    <ClCompile Include="Solution.cpp">
      <Filter>Fichiers sources</Filter>
    </ClCompile>
    <ClCompile Include="Area.cpp">
      <Filter>Fichiers sources</Filter>
    </ClCompile>
    <ClCompile Include="Console\Console.cpp">
      <Filter>Fichiers sources\Console</Filter>
    </ClCompile>
    <ClCompile Include="Console\ConsoleColor.cpp">
      <Filter>Fichiers sources\Console</Filter>
    </ClCompile>
    <ClCompile Include="Console\ConsoleContext.cpp">
      <Filter>Fichiers sources\Console</Filter>
    </ClCompile>
    <ClCompile Include="Console\ConsoleImage.cpp">
      <Filter>Fichiers sources\Console</Filter>
    </ClCompile>
    <ClCompile Include="Console\ConsoleKeyEvent.cpp">
      <Filter>Fichiers sources\Console</Filter>
    </ClCompile>
    <ClCompile Include="Console\ConsoleKeyFilterDown.cpp">
      <Filter>Fichiers sources\Console</Filter>
    </ClCompile>
    <ClCompile Include="Console\ConsoleKeyFilterModifiers.cpp">
      <Filter>Fichiers sources\Console</Filter>
    </ClCompile>
    <ClCompile Include="Console\ConsoleKeyFilterUp.cpp">
      <Filter>Fichiers sources\Console</Filter>
    </ClCompile>
    <ClCompile Include="Console\ConsoleKeyReader.cpp">
      <Filter>Fichiers sources\Console</Filter>
    </ClCompile>
    <ClCompile Include="Console\ConsolePixel.cpp">
      <Filter>Fichiers sources\Console</Filter>
    </ClCompile>
    <ClCompile Include="Console\ConsoleWriter.cpp">
      <Filter>Fichiers sources\Console</Filter>
    </ClCompile>
    <ClCompile Include="Reproduction.cpp">
      <Filter>Fichiers sources</Filter>
    </ClCompile>
    <ClCompile Include="PopulationEngine.cpp">
      <Filter>Fichiers sources</Filter>
    </ClCompile>
    <ClCompile Include="Population.cpp">
      <Filter>Fichiers sources</Filter>
    </ClCompile>
    <ClCompile Include="Random.cpp">
      <Filter>Fichiers sources\Outils</Filter>
    </ClCompile>
    <ClCompile Include="Fitness.cpp">
      <Filter>Fichiers sources</Filter>
    </ClCompile>
    <ClCompile Include="Injection.cpp">
      <Filter>Fichiers sources</Filter>
    </ClCompile>
    <ClCompile Include="Shape2D.cpp">
      <Filter>Fichiers sources</Filter>
    </ClCompile>
    <ClCompile Include="debugstream.cpp">
      <Filter>Fichiers sources</Filter>
    </ClCompile>
    <ClCompile Include="Mathematical.cpp">
      <Filter>Fichiers sources</Filter>
    </ClCompile>
  </ItemGroup>
  <ItemGroup>
    <ClInclude Include="Generation.h">
      <Filter>Fichiers d%27en-tête</Filter>
    </ClInclude>
    <ClInclude Include="Cercle.h">
      <Filter>Fichiers d%27en-tête</Filter>
    </ClInclude>
    <ClInclude Include="Shape2D.h">
      <Filter>Fichiers d%27en-tête</Filter>
    </ClInclude>
    <ClInclude Include="Civilisations.h">
      <Filter>Fichiers d%27en-tête</Filter>
    </ClInclude>
    <ClInclude Include="Random.h">
      <Filter>Fichiers d%27en-tête</Filter>
    </ClInclude>
    <ClInclude Include="Solution.h">
      <Filter>Fichiers d%27en-tête</Filter>
    </ClInclude>
    <ClInclude Include="Area.h">
      <Filter>Fichiers d%27en-tête</Filter>
    </ClInclude>
    <ClInclude Include="Point2d.h">
      <Filter>Fichiers d%27en-tête</Filter>
    </ClInclude>
    <ClInclude Include="Polygon2d.h">
      <Filter>Fichiers d%27en-tête</Filter>
    </ClInclude>
    <ClInclude Include="Transform2d.h">
      <Filter>Fichiers d%27en-tête</Filter>
    </ClInclude>
    <ClInclude Include="Console\Console.h">
      <Filter>Fichiers d%27en-tête\Console</Filter>
    </ClInclude>
    <ClInclude Include="Console\ConsoleColor.h">
      <Filter>Fichiers d%27en-tête\Console</Filter>
    </ClInclude>
    <ClInclude Include="Console\ConsoleContext.h">
      <Filter>Fichiers d%27en-tête\Console</Filter>
    </ClInclude>
    <ClInclude Include="Console\ConsoleImage.h">
      <Filter>Fichiers d%27en-tête\Console</Filter>
    </ClInclude>
    <ClInclude Include="Console\ConsoleKeyEvent.h">
      <Filter>Fichiers d%27en-tête\Console</Filter>
    </ClInclude>
    <ClInclude Include="Console\ConsoleKeyFilter.h">
      <Filter>Fichiers d%27en-tête\Console</Filter>
    </ClInclude>
    <ClInclude Include="Console\ConsoleKeyFilterAny.h">
      <Filter>Fichiers d%27en-tête\Console</Filter>
    </ClInclude>
    <ClInclude Include="Console\ConsoleKeyFilterDown.h">
      <Filter>Fichiers d%27en-tête\Console</Filter>
    </ClInclude>
    <ClInclude Include="Console\ConsoleKeyFilterModifiers.h">
      <Filter>Fichiers d%27en-tête\Console</Filter>
    </ClInclude>
    <ClInclude Include="Console\ConsoleKeyFilterUp.h">
      <Filter>Fichiers d%27en-tête\Console</Filter>
    </ClInclude>
    <ClInclude Include="Console\ConsoleKeyReader.h">
      <Filter>Fichiers d%27en-tête\Console</Filter>
    </ClInclude>
    <ClInclude Include="Console\ConsolePixel.h">
      <Filter>Fichiers d%27en-tête\Console</Filter>
    </ClInclude>
    <ClInclude Include="Console\ConsoleWriter.h">
      <Filter>Fichiers d%27en-tête\Console</Filter>
    </ClInclude>
    <ClInclude Include="Reproduction.h">
      <Filter>Fichiers d%27en-tête</Filter>
    </ClInclude>
    <ClInclude Include="PopulationEngine.h">
      <Filter>Fichiers d%27en-tête</Filter>
    </ClInclude>
    <ClInclude Include="Population.h">
      <Filter>Fichiers d%27en-tête</Filter>
    </ClInclude>
    <ClInclude Include="Fitness.h">
      <Filter>Fichiers d%27en-tête</Filter>
    </ClInclude>
    <ClInclude Include="debugstream.h">
      <Filter>Fichiers d%27en-tête</Filter>
    </ClInclude>
    <ClInclude Include="type_util.h">
      <Filter>Fichiers d%27en-tête</Filter>
    </ClInclude>
    <ClInclude Include="Mathematical.h">
      <Filter>Fichiers d%27en-tête</Filter>
    </ClInclude>
  </ItemGroup>
</Project>