<?xml version="1.0" encoding="utf-8"?>
<Project ToolsVersion="4.0" xmlns="http://schemas.microsoft.com/developer/msbuild/2003">
  <ItemGroup>
    <ClCompile Include="Area.cpp" />
    <ClCompile Include="Cercle.cpp" />
    <ClCompile Include="Civilisations.cpp" />
    <ClCompile Include="Console\Console.cpp" />
    <ClCompile Include="Console\ConsoleColor.cpp" />
    <ClCompile Include="Console\ConsoleContext.cpp" />
    <ClCompile Include="Console\ConsoleImage.cpp" />
    <ClCompile Include="Console\ConsoleKeyEvent.cpp" />
    <ClCompile Include="Console\ConsoleKeyFilterDown.cpp" />
    <ClCompile Include="Console\ConsoleKeyFilterModifiers.cpp" />
    <ClCompile Include="Console\ConsoleKeyFilterUp.cpp" />
    <ClCompile Include="Console\ConsoleKeyReader.cpp" />
    <ClCompile Include="Console\ConsolePixel.cpp" />
    <ClCompile Include="Console\ConsoleWriter.cpp" />
    <ClCompile Include="Generation.cpp" />
    <ClCompile Include="Geometry.cpp" />
    <ClCompile Include="main.cpp" />
    <ClCompile Include="Point.cpp" />
    <ClCompile Include="Population.cpp" />
    <ClCompile Include="Populations.cpp" />
    <ClCompile Include="Random.cpp" />
    <ClCompile Include="Reproduction.cpp" />
    <ClCompile Include="Shape2D.cpp" />
    <ClCompile Include="Shortcut.cpp" />
    <ClCompile Include="Size.cpp" />
    <ClCompile Include="Solution.cpp" />
    <ClCompile Include="Transactions.cpp" />
    <ClCompile Include="Transformation.cpp" />
    <ClCompile Include="Fitness.cpp" />
  </ItemGroup>
  <ItemGroup>
<<<<<<< HEAD
    <ClInclude Include="Area.h" />
    <ClInclude Include="Cercle.h" />
    <ClInclude Include="Civilisations.h" />
    <ClInclude Include="Console\Console.h" />
    <ClInclude Include="Console\ConsoleColor.h" />
    <ClInclude Include="Console\ConsoleContext.h" />
    <ClInclude Include="Console\ConsoleImage.h" />
    <ClInclude Include="Console\ConsoleKeyEvent.h" />
    <ClInclude Include="Console\ConsoleKeyFilter.h" />
    <ClInclude Include="Console\ConsoleKeyFilterAny.h" />
    <ClInclude Include="Console\ConsoleKeyFilterDown.h" />
    <ClInclude Include="Console\ConsoleKeyFilterModifiers.h" />
    <ClInclude Include="Console\ConsoleKeyFilterUp.h" />
    <ClInclude Include="Console\ConsoleKeyReader.h" />
    <ClInclude Include="Console\ConsolePixel.h" />
    <ClInclude Include="Console\ConsoleWriter.h" />
    <ClInclude Include="Fitness.h" />
    <ClInclude Include="Generation.h" />
    <ClInclude Include="Geometry.h" />
    <ClInclude Include="Point.h" />
    <ClInclude Include="Point2d.h" />
    <ClInclude Include="Polygon2d.h" />
    <ClInclude Include="Population.h" />
    <ClInclude Include="Populations.h" />
    <ClInclude Include="Random.h" />
    <ClInclude Include="Reproduction.h" />
    <ClInclude Include="Shape2D.h" />
    <ClInclude Include="Shortcut.h" />
    <ClInclude Include="Size.h" />
    <ClInclude Include="Solution.h" />
    <ClInclude Include="Transactions.h" />
    <ClInclude Include="Transform2d.h" />
    <ClInclude Include="Transformation.h" />
=======
    <ClCompile Include="main.cpp">
      <Filter>Fichiers sources</Filter>
    </ClCompile>
    <ClCompile Include="Generation.cpp">
      <Filter>Fichiers sources</Filter>
    </ClCompile>
    <ClCompile Include="Cercle.cpp">
      <Filter>Fichiers sources</Filter>
    </ClCompile>
    <ClCompile Include="Shape2D.cpp">
      <Filter>Fichiers sources</Filter>
    </ClCompile>
    <ClCompile Include="Civilisations.cpp">
      <Filter>Fichiers sources</Filter>
    </ClCompile>
    <ClCompile Include="Point.cpp">
      <Filter>Fichiers sources</Filter>
    </ClCompile>
    <ClCompile Include="Size.cpp">
      <Filter>Fichiers sources</Filter>
    </ClCompile>
    <ClCompile Include="Random.cpp">
      <Filter>Fichiers sources</Filter>
    </ClCompile>
    <ClCompile Include="Geometry.cpp">
      <Filter>Fichiers sources</Filter>
    </ClCompile>
    <ClCompile Include="Solution.cpp">
      <Filter>Fichiers sources</Filter>
    </ClCompile>
    <ClCompile Include="Transformation.cpp">
      <Filter>Fichiers sources</Filter>
    </ClCompile>
    <ClCompile Include="Area.cpp">
      <Filter>Fichiers sources</Filter>
    </ClCompile>
    <ClCompile Include="Console\Console.cpp">
      <Filter>Fichiers sources\Console</Filter>
    </ClCompile>
    <ClCompile Include="Console\ConsoleColor.cpp">
      <Filter>Fichiers sources\Console</Filter>
    </ClCompile>
    <ClCompile Include="Console\ConsoleContext.cpp">
      <Filter>Fichiers sources\Console</Filter>
    </ClCompile>
    <ClCompile Include="Console\ConsoleImage.cpp">
      <Filter>Fichiers sources\Console</Filter>
    </ClCompile>
    <ClCompile Include="Console\ConsoleKeyEvent.cpp">
      <Filter>Fichiers sources\Console</Filter>
    </ClCompile>
    <ClCompile Include="Console\ConsoleKeyFilterDown.cpp">
      <Filter>Fichiers sources\Console</Filter>
    </ClCompile>
    <ClCompile Include="Console\ConsoleKeyFilterModifiers.cpp">
      <Filter>Fichiers sources\Console</Filter>
    </ClCompile>
    <ClCompile Include="Console\ConsoleKeyFilterUp.cpp">
      <Filter>Fichiers sources\Console</Filter>
    </ClCompile>
    <ClCompile Include="Console\ConsoleKeyReader.cpp">
      <Filter>Fichiers sources\Console</Filter>
    </ClCompile>
    <ClCompile Include="Console\ConsolePixel.cpp">
      <Filter>Fichiers sources\Console</Filter>
    </ClCompile>
    <ClCompile Include="Console\ConsoleWriter.cpp">
      <Filter>Fichiers sources\Console</Filter>
    </ClCompile>
    <ClCompile Include="Reproduction.cpp">
      <Filter>Fichiers sources</Filter>
    </ClCompile>
    <ClCompile Include="Transactions.cpp">
      <Filter>Fichiers sources</Filter>
    </ClCompile>
    <ClCompile Include="Shortcut.cpp">
      <Filter>Fichiers sources</Filter>
    </ClCompile>
    <ClCompile Include="PopulationEngine.cpp">
      <Filter>Fichiers sources</Filter>
    </ClCompile>
    <ClCompile Include="Population.cpp">
      <Filter>Fichiers sources</Filter>
    </ClCompile>
  </ItemGroup>
  <ItemGroup>
    <ClInclude Include="Generation.h">
      <Filter>Fichiers d%27en-tête</Filter>
    </ClInclude>
    <ClInclude Include="Cercle.h">
      <Filter>Fichiers d%27en-tête</Filter>
    </ClInclude>
    <ClInclude Include="Shape2D.h">
      <Filter>Fichiers d%27en-tête</Filter>
    </ClInclude>
    <ClInclude Include="Civilisations.h">
      <Filter>Fichiers d%27en-tête</Filter>
    </ClInclude>
    <ClInclude Include="Point.h">
      <Filter>Fichiers d%27en-tête</Filter>
    </ClInclude>
    <ClInclude Include="Size.h">
      <Filter>Fichiers d%27en-tête</Filter>
    </ClInclude>
    <ClInclude Include="Random.h">
      <Filter>Fichiers d%27en-tête</Filter>
    </ClInclude>
    <ClInclude Include="Geometry.h">
      <Filter>Fichiers d%27en-tête</Filter>
    </ClInclude>
    <ClInclude Include="Solution.h">
      <Filter>Fichiers d%27en-tête</Filter>
    </ClInclude>
    <ClInclude Include="Transformation.h">
      <Filter>Fichiers d%27en-tête</Filter>
    </ClInclude>
    <ClInclude Include="Area.h">
      <Filter>Fichiers d%27en-tête</Filter>
    </ClInclude>
    <ClInclude Include="Point2d.h">
      <Filter>Fichiers d%27en-tête</Filter>
    </ClInclude>
    <ClInclude Include="Polygon2d.h">
      <Filter>Fichiers d%27en-tête</Filter>
    </ClInclude>
    <ClInclude Include="Transform2d.h">
      <Filter>Fichiers d%27en-tête</Filter>
    </ClInclude>
    <ClInclude Include="Console\Console.h">
      <Filter>Fichiers d%27en-tête\Console</Filter>
    </ClInclude>
    <ClInclude Include="Console\ConsoleColor.h">
      <Filter>Fichiers d%27en-tête\Console</Filter>
    </ClInclude>
    <ClInclude Include="Console\ConsoleContext.h">
      <Filter>Fichiers d%27en-tête\Console</Filter>
    </ClInclude>
    <ClInclude Include="Console\ConsoleImage.h">
      <Filter>Fichiers d%27en-tête\Console</Filter>
    </ClInclude>
    <ClInclude Include="Console\ConsoleKeyEvent.h">
      <Filter>Fichiers d%27en-tête\Console</Filter>
    </ClInclude>
    <ClInclude Include="Console\ConsoleKeyFilter.h">
      <Filter>Fichiers d%27en-tête\Console</Filter>
    </ClInclude>
    <ClInclude Include="Console\ConsoleKeyFilterAny.h">
      <Filter>Fichiers d%27en-tête\Console</Filter>
    </ClInclude>
    <ClInclude Include="Console\ConsoleKeyFilterDown.h">
      <Filter>Fichiers d%27en-tête\Console</Filter>
    </ClInclude>
    <ClInclude Include="Console\ConsoleKeyFilterModifiers.h">
      <Filter>Fichiers d%27en-tête\Console</Filter>
    </ClInclude>
    <ClInclude Include="Console\ConsoleKeyFilterUp.h">
      <Filter>Fichiers d%27en-tête\Console</Filter>
    </ClInclude>
    <ClInclude Include="Console\ConsoleKeyReader.h">
      <Filter>Fichiers d%27en-tête\Console</Filter>
    </ClInclude>
    <ClInclude Include="Console\ConsolePixel.h">
      <Filter>Fichiers d%27en-tête\Console</Filter>
    </ClInclude>
    <ClInclude Include="Console\ConsoleWriter.h">
      <Filter>Fichiers d%27en-tête\Console</Filter>
    </ClInclude>
    <ClInclude Include="Reproduction.h">
      <Filter>Fichiers d%27en-tête</Filter>
    </ClInclude>
    <ClInclude Include="Transactions.h">
      <Filter>Fichiers d%27en-tête</Filter>
    </ClInclude>
    <ClInclude Include="Shortcut.h">
      <Filter>Fichiers d%27en-tête</Filter>
    </ClInclude>
    <ClInclude Include="PopulationEngine.h">
      <Filter>Fichiers d%27en-tête</Filter>
    </ClInclude>
    <ClInclude Include="Population.h">
      <Filter>Fichiers d%27en-tête</Filter>
    </ClInclude>
>>>>>>> master
  </ItemGroup>
</Project>